// !$*UTF8*$!
{
	archiveVersion = 1;
	classes = {
	};
	objectVersion = 77;
	objects = {

/* Begin PBXBuildFile section */
		D3D392482FD5D3800057A5A4 /* thenow Watch App.app in Embed Watch Content */ = {isa = PBXBuildFile; fileRef = D3D392472FD5D3800057A5A4 /* thenow Watch App.app */; settings = {ATTRIBUTES = (RemoveHeadersOnCopy, ); }; };
		D3E024242FD7BE7A002050FE /* WidgetKit.framework in Frameworks */ = {isa = PBXBuildFile; fileRef = D3E024232FD7BE7A002050FE /* WidgetKit.framework */; };
		D3E024262FD7BE7A002050FE /* SwiftUI.framework in Frameworks */ = {isa = PBXBuildFile; fileRef = D3E024252FD7BE7A002050FE /* SwiftUI.framework */; };
		D3E024332FD7BE7B002050FE /* ChitNow Widget ChitNow WidgetExtension.appex in Embed Foundation Extensions */ = {isa = PBXBuildFile; fileRef = D3E024212FD7BE7A002050FE /* ChitNow Widget ChitNow WidgetExtension.appex */; settings = {ATTRIBUTES = (RemoveHeadersOnCopy, ); }; };
/* End PBXBuildFile section */

/* Begin PBXContainerItemProxy section */
		D3D392492FD5D3800057A5A4 /* PBXContainerItemProxy */ = {
			isa = PBXContainerItemProxy;
			containerPortal = D3D392322FD5D37E0057A5A4 /* Project object */;
			proxyType = 1;
			remoteGlobalIDString = D3D392462FD5D3800057A5A4;
			remoteInfo = "thenow Watch App";
		};
		D3E024312FD7BE7B002050FE /* PBXContainerItemProxy */ = {
			isa = PBXContainerItemProxy;
			containerPortal = D3D392322FD5D37E0057A5A4 /* Project object */;
			proxyType = 1;
			remoteGlobalIDString = D3E024202FD7BE7A002050FE;
			remoteInfo = "ChitNow Widget ChitNow WidgetExtension";
		};
/* End PBXContainerItemProxy section */

/* Begin PBXCopyFilesBuildPhase section */
		D3D392572FD5D3800057A5A4 /* Embed Watch Content */ = {
			isa = PBXCopyFilesBuildPhase;
			buildActionMask = 2147483647;
			dstPath = "$(CONTENTS_FOLDER_PATH)/Watch";
			dstSubfolderSpec = 16;
			files = (
				D3D392482FD5D3800057A5A4 /* thenow Watch App.app in Embed Watch Content */,
			);
			name = "Embed Watch Content";
			runOnlyForDeploymentPostprocessing = 0;
		};
		D3E024382FD7BE7B002050FE /* Embed Foundation Extensions */ = {
			isa = PBXCopyFilesBuildPhase;
			buildActionMask = 2147483647;
			dstPath = "";
			dstSubfolderSpec = 13;
			files = (
				D3E024332FD7BE7B002050FE /* ChitNow Widget ChitNow WidgetExtension.appex in Embed Foundation Extensions */,
			);
			name = "Embed Foundation Extensions";
			runOnlyForDeploymentPostprocessing = 0;
		};
/* End PBXCopyFilesBuildPhase section */

/* Begin PBXFileReference section */
		D3D3923A2FD5D37E0057A5A4 /* thenow.app */ = {isa = PBXFileReference; explicitFileType = wrapper.application; includeInIndex = 0; path = thenow.app; sourceTree = BUILT_PRODUCTS_DIR; };
		D3D392472FD5D3800057A5A4 /* thenow Watch App.app */ = {isa = PBXFileReference; explicitFileType = wrapper.application; includeInIndex = 0; path = "thenow Watch App.app"; sourceTree = BUILT_PRODUCTS_DIR; };
		D3E024212FD7BE7A002050FE /* ChitNow Widget ChitNow WidgetExtension.appex */ = {isa = PBXFileReference; explicitFileType = "wrapper.app-extension"; includeInIndex = 0; path = "ChitNow Widget ChitNow WidgetExtension.appex"; sourceTree = BUILT_PRODUCTS_DIR; };
		D3E024232FD7BE7A002050FE /* WidgetKit.framework */ = {isa = PBXFileReference; lastKnownFileType = wrapper.framework; name = WidgetKit.framework; path = System/Library/Frameworks/WidgetKit.framework; sourceTree = SDKROOT; };
		D3E024252FD7BE7A002050FE /* SwiftUI.framework */ = {isa = PBXFileReference; lastKnownFileType = wrapper.framework; name = SwiftUI.framework; path = System/Library/Frameworks/SwiftUI.framework; sourceTree = SDKROOT; };
/* End PBXFileReference section */

/* Begin PBXFileSystemSynchronizedBuildFileExceptionSet section */
		D329109D2FD680550010BECC /* Exceptions for "thenow" folder in "thenow" target */ = {
			isa = PBXFileSystemSynchronizedBuildFileExceptionSet;
			membershipExceptions = (
				Info.plist,
			);
			target = D3D392392FD5D37E0057A5A4 /* thenow */;
		};
		D3E024372FD7BE7B002050FE /* Exceptions for "ChitNow Widget ChitNow Widget" folder in "ChitNow Widget ChitNow WidgetExtension" target */ = {
			isa = PBXFileSystemSynchronizedBuildFileExceptionSet;
			membershipExceptions = (
				Info.plist,
			);
			target = D3E024202FD7BE7A002050FE /* ChitNow Widget ChitNow WidgetExtension */;
		};
/* End PBXFileSystemSynchronizedBuildFileExceptionSet section */

/* Begin PBXFileSystemSynchronizedRootGroup section */
		D3D3923C2FD5D37E0057A5A4 /* thenow */ = {
			isa = PBXFileSystemSynchronizedRootGroup;
			exceptions = (
				D329109D2FD680550010BECC /* Exceptions for "thenow" folder in "thenow" target */,
			);
			path = thenow;
			sourceTree = "<group>";
		};
		D3D3924B2FD5D3800057A5A4 /* thenow Watch App */ = {
			isa = PBXFileSystemSynchronizedRootGroup;
			path = "thenow Watch App";
			sourceTree = "<group>";
		};
		D3E024272FD7BE7A002050FE /* ChitNow Widget ChitNow Widget */ = {
			isa = PBXFileSystemSynchronizedRootGroup;
			exceptions = (
				D3E024372FD7BE7B002050FE /* Exceptions for "ChitNow Widget ChitNow Widget" folder in "ChitNow Widget ChitNow WidgetExtension" target */,
			);
			path = "ChitNow Widget ChitNow Widget";
			sourceTree = "<group>";
		};
/* End PBXFileSystemSynchronizedRootGroup section */

/* Begin PBXFrameworksBuildPhase section */
		D3D392372FD5D37E0057A5A4 /* Frameworks */ = {
			isa = PBXFrameworksBuildPhase;
			buildActionMask = 2147483647;
			files = (
			);
			runOnlyForDeploymentPostprocessing = 0;
		};
		D3D392442FD5D3800057A5A4 /* Frameworks */ = {
			isa = PBXFrameworksBuildPhase;
			buildActionMask = 2147483647;
			files = (
			);
			runOnlyForDeploymentPostprocessing = 0;
		};
		D3E0241E2FD7BE7A002050FE /* Frameworks */ = {
			isa = PBXFrameworksBuildPhase;
			buildActionMask = 2147483647;
			files = (
				D3E024262FD7BE7A002050FE /* SwiftUI.framework in Frameworks */,
				D3E024242FD7BE7A002050FE /* WidgetKit.framework in Frameworks */,
			);
			runOnlyForDeploymentPostprocessing = 0;
		};
/* End PBXFrameworksBuildPhase section */

/* Begin PBXGroup section */
		D3D392312FD5D37E0057A5A4 = {
			isa = PBXGroup;
			children = (
				D3D3923C2FD5D37E0057A5A4 /* thenow */,
				D3D3924B2FD5D3800057A5A4 /* thenow Watch App */,
				D3E024272FD7BE7A002050FE /* ChitNow Widget ChitNow Widget */,
				D3E024222FD7BE7A002050FE /* Frameworks */,
				D3D3923B2FD5D37E0057A5A4 /* Products */,
			);
			sourceTree = "<group>";
		};
		D3D3923B2FD5D37E0057A5A4 /* Products */ = {
			isa = PBXGroup;
			children = (
				D3D3923A2FD5D37E0057A5A4 /* thenow.app */,
				D3D392472FD5D3800057A5A4 /* thenow Watch App.app */,
				D3E024212FD7BE7A002050FE /* ChitNow Widget ChitNow WidgetExtension.appex */,
			);
			name = Products;
			sourceTree = "<group>";
		};
		D3E024222FD7BE7A002050FE /* Frameworks */ = {
			isa = PBXGroup;
			children = (
				D3E024232FD7BE7A002050FE /* WidgetKit.framework */,
				D3E024252FD7BE7A002050FE /* SwiftUI.framework */,
			);
			name = Frameworks;
			sourceTree = "<group>";
		};
/* End PBXGroup section */

/* Begin PBXNativeTarget section */
		D3D392392FD5D37E0057A5A4 /* thenow */ = {
			isa = PBXNativeTarget;
			buildConfigurationList = D3D392582FD5D3800057A5A4 /* Build configuration list for PBXNativeTarget "thenow" */;
			buildPhases = (
				D3D392362FD5D37E0057A5A4 /* Sources */,
				D3D392372FD5D37E0057A5A4 /* Frameworks */,
				D3D392382FD5D37E0057A5A4 /* Resources */,
				D3D392572FD5D3800057A5A4 /* Embed Watch Content */,
			);
			buildRules = (
			);
			dependencies = (
				D3D3924A2FD5D3800057A5A4 /* PBXTargetDependency */,
			);
			fileSystemSynchronizedGroups = (
				D3D3923C2FD5D37E0057A5A4 /* thenow */,
			);
			name = thenow;
			packageProductDependencies = (
			);
			productName = thenow;
			productReference = D3D3923A2FD5D37E0057A5A4 /* thenow.app */;
			productType = "com.apple.product-type.application";
		};
		D3D392462FD5D3800057A5A4 /* thenow Watch App */ = {
			isa = PBXNativeTarget;
			buildConfigurationList = D3D392542FD5D3800057A5A4 /* Build configuration list for PBXNativeTarget "thenow Watch App" */;
			buildPhases = (
				D3D392432FD5D3800057A5A4 /* Sources */,
				D3D392442FD5D3800057A5A4 /* Frameworks */,
				D3D392452FD5D3800057A5A4 /* Resources */,
				D3E024382FD7BE7B002050FE /* Embed Foundation Extensions */,
			);
			buildRules = (
			);
			dependencies = (
				D3E024322FD7BE7B002050FE /* PBXTargetDependency */,
			);
			fileSystemSynchronizedGroups = (
				D3D3924B2FD5D3800057A5A4 /* thenow Watch App */,
			);
			name = "thenow Watch App";
			packageProductDependencies = (
			);
			productName = "thenow Watch App";
			productReference = D3D392472FD5D3800057A5A4 /* thenow Watch App.app */;
			productType = "com.apple.product-type.application";
		};
		D3E024202FD7BE7A002050FE /* ChitNow Widget ChitNow WidgetExtension */ = {
			isa = PBXNativeTarget;
			buildConfigurationList = D3E024342FD7BE7B002050FE /* Build configuration list for PBXNativeTarget "ChitNow Widget ChitNow WidgetExtension" */;
			buildPhases = (
				D3E0241D2FD7BE7A002050FE /* Sources */,
				D3E0241E2FD7BE7A002050FE /* Frameworks */,
				D3E0241F2FD7BE7A002050FE /* Resources */,
			);
			buildRules = (
			);
			dependencies = (
			);
			fileSystemSynchronizedGroups = (
				D3E024272FD7BE7A002050FE /* ChitNow Widget ChitNow Widget */,
			);
			name = "ChitNow Widget ChitNow WidgetExtension";
			packageProductDependencies = (
			);
			productName = "ChitNow Widget ChitNow WidgetExtension";
			productReference = D3E024212FD7BE7A002050FE /* ChitNow Widget ChitNow WidgetExtension.appex */;
			productType = "com.apple.product-type.app-extension";
		};
/* End PBXNativeTarget section */

/* Begin PBXProject section */
		D3D392322FD5D37E0057A5A4 /* Project object */ = {
			isa = PBXProject;
			attributes = {
				BuildIndependentTargetsInParallel = 1;
				LastSwiftUpdateCheck = 2650;
				LastUpgradeCheck = 2650;
				TargetAttributes = {
					D3D392392FD5D37E0057A5A4 = {
						CreatedOnToolsVersion = 26.5;
					};
					D3D392462FD5D3800057A5A4 = {
						CreatedOnToolsVersion = 26.5;
					};
					D3E024202FD7BE7A002050FE = {
						CreatedOnToolsVersion = 26.5;
						LastSwiftMigration = 2650;
					};
				};
			};
			buildConfigurationList = D3D392352FD5D37E0057A5A4 /* Build configuration list for PBXProject "thenow" */;
			developmentRegion = en;
			hasScannedForEncodings = 0;
			knownRegions = (
				en,
				Base,
				"zh-Hans",
			);
			mainGroup = D3D392312FD5D37E0057A5A4;
			minimizedProjectReferenceProxies = 1;
			preferredProjectObjectVersion = 77;
			productRefGroup = D3D3923B2FD5D37E0057A5A4 /* Products */;
			projectDirPath = "";
			projectRoot = "";
			targets = (
				D3D392392FD5D37E0057A5A4 /* thenow */,
				D3D392462FD5D3800057A5A4 /* thenow Watch App */,
				D3E024202FD7BE7A002050FE /* ChitNow Widget ChitNow WidgetExtension */,
			);
		};
/* End PBXProject section */

/* Begin PBXResourcesBuildPhase section */
		D3D392382FD5D37E0057A5A4 /* Resources */ = {
			isa = PBXResourcesBuildPhase;
			buildActionMask = 2147483647;
			files = (
			);
			runOnlyForDeploymentPostprocessing = 0;
		};
		D3D392452FD5D3800057A5A4 /* Resources */ = {
			isa = PBXResourcesBuildPhase;
			buildActionMask = 2147483647;
			files = (
			);
			runOnlyForDeploymentPostprocessing = 0;
		};
		D3E0241F2FD7BE7A002050FE /* Resources */ = {
			isa = PBXResourcesBuildPhase;
			buildActionMask = 2147483647;
			files = (
			);
			runOnlyForDeploymentPostprocessing = 0;
		};
/* End PBXResourcesBuildPhase section */

/* Begin PBXSourcesBuildPhase section */
		D3D392362FD5D37E0057A5A4 /* Sources */ = {
			isa = PBXSourcesBuildPhase;
			buildActionMask = 2147483647;
			files = (
			);
			runOnlyForDeploymentPostprocessing = 0;
		};
		D3D392432FD5D3800057A5A4 /* Sources */ = {
			isa = PBXSourcesBuildPhase;
			buildActionMask = 2147483647;
			files = (
			);
			runOnlyForDeploymentPostprocessing = 0;
		};
		D3E0241D2FD7BE7A002050FE /* Sources */ = {
			isa = PBXSourcesBuildPhase;
			buildActionMask = 2147483647;
			files = (
			);
			runOnlyForDeploymentPostprocessing = 0;
		};
/* End PBXSourcesBuildPhase section */

/* Begin PBXTargetDependency section */
		D3D3924A2FD5D3800057A5A4 /* PBXTargetDependency */ = {
			isa = PBXTargetDependency;
			target = D3D392462FD5D3800057A5A4 /* thenow Watch App */;
			targetProxy = D3D392492FD5D3800057A5A4 /* PBXContainerItemProxy */;
		};
		D3E024322FD7BE7B002050FE /* PBXTargetDependency */ = {
			isa = PBXTargetDependency;
			target = D3E024202FD7BE7A002050FE /* ChitNow Widget ChitNow WidgetExtension */;
			targetProxy = D3E024312FD7BE7B002050FE /* PBXContainerItemProxy */;
		};
/* End PBXTargetDependency section */

/* Begin XCBuildConfiguration section */
		D3D392522FD5D3800057A5A4 /* Debug */ = {
			isa = XCBuildConfiguration;
			buildSettings = {
				ALWAYS_SEARCH_USER_PATHS = NO;
				ASSETCATALOG_COMPILER_GENERATE_SWIFT_ASSET_SYMBOL_EXTENSIONS = YES;
				CLANG_ANALYZER_NONNULL = YES;
				CLANG_ANALYZER_NUMBER_OBJECT_CONVERSION = YES_AGGRESSIVE;
				CLANG_CXX_LANGUAGE_STANDARD = "gnu++20";
				CLANG_ENABLE_MODULES = YES;
				CLANG_ENABLE_OBJC_ARC = YES;
				CLANG_ENABLE_OBJC_WEAK = YES;
				CLANG_WARN_BLOCK_CAPTURE_AUTORELEASING = YES;
				CLANG_WARN_BOOL_CONVERSION = YES;
				CLANG_WARN_COMMA = YES;
				CLANG_WARN_CONSTANT_CONVERSION = YES;
				CLANG_WARN_DEPRECATED_OBJC_IMPLEMENTATIONS = YES;
				CLANG_WARN_DIRECT_OBJC_ISA_USAGE = YES_ERROR;
				CLANG_WARN_DOCUMENTATION_COMMENTS = YES;
				CLANG_WARN_EMPTY_BODY = YES;
				CLANG_WARN_ENUM_CONVERSION = YES;
				CLANG_WARN_INFINITE_RECURSION = YES;
				CLANG_WARN_INT_CONVERSION = YES;
				CLANG_WARN_NON_LITERAL_NULL_CONVERSION = YES;
				CLANG_WARN_OBJC_IMPLICIT_RETAIN_SELF = YES;
				CLANG_WARN_OBJC_LITERAL_CONVERSION = YES;
				CLANG_WARN_OBJC_ROOT_CLASS = YES_ERROR;
				CLANG_WARN_QUOTED_INCLUDE_IN_FRAMEWORK_HEADER = YES;
				CLANG_WARN_RANGE_LOOP_ANALYSIS = YES;
				CLANG_WARN_STRICT_PROTOTYPES = YES;
				CLANG_WARN_SUSPICIOUS_MOVE = YES;
				CLANG_WARN_UNGUARDED_AVAILABILITY = YES_AGGRESSIVE;
				CLANG_WARN_UNREACHABLE_CODE = YES;
				CLANG_WARN__DUPLICATE_METHOD_MATCH = YES;
				COPY_PHASE_STRIP = NO;
				DEBUG_INFORMATION_FORMAT = dwarf;
				DEVELOPMENT_TEAM = F7PJZAN683;
				ENABLE_STRICT_OBJC_MSGSEND = YES;
				ENABLE_TESTABILITY = YES;
				ENABLE_USER_SCRIPT_SANDBOXING = YES;
				GCC_C_LANGUAGE_STANDARD = gnu17;
				GCC_DYNAMIC_NO_PIC = NO;
				GCC_NO_COMMON_BLOCKS = YES;
				GCC_OPTIMIZATION_LEVEL = 0;
				GCC_PREPROCESSOR_DEFINITIONS = (
					"DEBUG=1",
					"$(inherited)",
				);
				GCC_WARN_64_TO_32_BIT_CONVERSION = YES;
				GCC_WARN_ABOUT_RETURN_TYPE = YES_ERROR;
				GCC_WARN_UNDECLARED_SELECTOR = YES;
				GCC_WARN_UNINITIALIZED_AUTOS = YES_AGGRESSIVE;
				GCC_WARN_UNUSED_FUNCTION = YES;
				GCC_WARN_UNUSED_VARIABLE = YES;
				LOCALIZATION_PREFERS_STRING_CATALOGS = YES;
				MTL_ENABLE_DEBUG_INFO = INCLUDE_SOURCE;
				MTL_FAST_MATH = YES;
				ONLY_ACTIVE_ARCH = YES;
				SWIFT_ACTIVE_COMPILATION_CONDITIONS = "DEBUG $(inherited)";
				SWIFT_OPTIMIZATION_LEVEL = "-Onone";
			};
			name = Debug;
		};
		D3D392532FD5D3800057A5A4 /* Release */ = {
			isa = XCBuildConfiguration;
			buildSettings = {
				ALWAYS_SEARCH_USER_PATHS = NO;
				ASSETCATALOG_COMPILER_GENERATE_SWIFT_ASSET_SYMBOL_EXTENSIONS = YES;
				CLANG_ANALYZER_NONNULL = YES;
				CLANG_ANALYZER_NUMBER_OBJECT_CONVERSION = YES_AGGRESSIVE;
				CLANG_CXX_LANGUAGE_STANDARD = "gnu++20";
				CLANG_ENABLE_MODULES = YES;
				CLANG_ENABLE_OBJC_ARC = YES;
				CLANG_ENABLE_OBJC_WEAK = YES;
				CLANG_WARN_BLOCK_CAPTURE_AUTORELEASING = YES;
				CLANG_WARN_BOOL_CONVERSION = YES;
				CLANG_WARN_COMMA = YES;
				CLANG_WARN_CONSTANT_CONVERSION = YES;
				CLANG_WARN_DEPRECATED_OBJC_IMPLEMENTATIONS = YES;
				CLANG_WARN_DIRECT_OBJC_ISA_USAGE = YES_ERROR;
				CLANG_WARN_DOCUMENTATION_COMMENTS = YES;
				CLANG_WARN_EMPTY_BODY = YES;
				CLANG_WARN_ENUM_CONVERSION = YES;
				CLANG_WARN_INFINITE_RECURSION = YES;
				CLANG_WARN_INT_CONVERSION = YES;
				CLANG_WARN_NON_LITERAL_NULL_CONVERSION = YES;
				CLANG_WARN_OBJC_IMPLICIT_RETAIN_SELF = YES;
				CLANG_WARN_OBJC_LITERAL_CONVERSION = YES;
				CLANG_WARN_OBJC_ROOT_CLASS = YES_ERROR;
				CLANG_WARN_QUOTED_INCLUDE_IN_FRAMEWORK_HEADER = YES;
				CLANG_WARN_RANGE_LOOP_ANALYSIS = YES;
				CLANG_WARN_STRICT_PROTOTYPES = YES;
				CLANG_WARN_SUSPICIOUS_MOVE = YES;
				CLANG_WARN_UNGUARDED_AVAILABILITY = YES_AGGRESSIVE;
				CLANG_WARN_UNREACHABLE_CODE = YES;
				CLANG_WARN__DUPLICATE_METHOD_MATCH = YES;
				COPY_PHASE_STRIP = NO;
				DEBUG_INFORMATION_FORMAT = "dwarf-with-dsym";
				DEVELOPMENT_TEAM = F7PJZAN683;
				ENABLE_NS_ASSERTIONS = NO;
				ENABLE_STRICT_OBJC_MSGSEND = YES;
				ENABLE_USER_SCRIPT_SANDBOXING = YES;
				GCC_C_LANGUAGE_STANDARD = gnu17;
				GCC_NO_COMMON_BLOCKS = YES;
				GCC_WARN_64_TO_32_BIT_CONVERSION = YES;
				GCC_WARN_ABOUT_RETURN_TYPE = YES_ERROR;
				GCC_WARN_UNDECLARED_SELECTOR = YES;
				GCC_WARN_UNINITIALIZED_AUTOS = YES_AGGRESSIVE;
				GCC_WARN_UNUSED_FUNCTION = YES;
				GCC_WARN_UNUSED_VARIABLE = YES;
				LOCALIZATION_PREFERS_STRING_CATALOGS = YES;
				MTL_ENABLE_DEBUG_INFO = NO;
				MTL_FAST_MATH = YES;
				SWIFT_COMPILATION_MODE = wholemodule;
			};
			name = Release;
		};
		D3D392552FD5D3800057A5A4 /* Debug */ = {
			isa = XCBuildConfiguration;
			buildSettings = {
				ASSETCATALOG_COMPILER_APPICON_NAME = AppIcon;
				ASSETCATALOG_COMPILER_GLOBAL_ACCENT_COLOR_NAME = AccentColor;
				CODE_SIGN_ENTITLEMENTS = "thenow Watch App/thenow_Watch_App.entitlements";
				CODE_SIGN_STYLE = Automatic;
				CURRENT_PROJECT_VERSION = 1;
				DEVELOPMENT_TEAM = F7PJZAN683;
				ENABLE_PREVIEWS = YES;
				GENERATE_INFOPLIST_FILE = YES;
				INFOPLIST_FILE = "thenow-Watch-App-Info.plist";
				INFOPLIST_KEY_CFBundleDisplayName = thenow;
				INFOPLIST_KEY_NSLocalNetworkUsageDescription = "thenow connects to the local broker. ";
				INFOPLIST_KEY_UISupportedInterfaceOrientations = "UIInterfaceOrientationPortrait UIInterfaceOrientationPortraitUpsideDown";
				INFOPLIST_KEY_WKCompanionAppBundleIdentifier = com.wangyang.thenow;
				LD_RUNPATH_SEARCH_PATHS = (
					"$(inherited)",
					"@executable_path/Frameworks",
				);
				MARKETING_VERSION = 1.0;
				PRODUCT_BUNDLE_IDENTIFIER = com.wangyang.thenow.watchkitapp;
				PRODUCT_NAME = "$(TARGET_NAME)";
				SDKROOT = watchos;
				SKIP_INSTALL = YES;
				STRING_CATALOG_GENERATE_SYMBOLS = YES;
				SWIFT_APPROACHABLE_CONCURRENCY = YES;
				SWIFT_DEFAULT_ACTOR_ISOLATION = MainActor;
				SWIFT_EMIT_LOC_STRINGS = YES;
				SWIFT_UPCOMING_FEATURE_MEMBER_IMPORT_VISIBILITY = YES;
				SWIFT_VERSION = 5.0;
				TARGETED_DEVICE_FAMILY = 4;
				WATCHOS_DEPLOYMENT_TARGET = 26.5;
			};
			name = Debug;
		};
		D3D392562FD5D3800057A5A4 /* Release */ = {
			isa = XCBuildConfiguration;
			buildSettings = {
				ASSETCATALOG_COMPILER_APPICON_NAME = AppIcon;
				ASSETCATALOG_COMPILER_GLOBAL_ACCENT_COLOR_NAME = AccentColor;
				CODE_SIGN_ENTITLEMENTS = "thenow Watch App/thenow_Watch_App.entitlements";
				CODE_SIGN_STYLE = Automatic;
				CURRENT_PROJECT_VERSION = 1;
				DEVELOPMENT_TEAM = F7PJZAN683;
				ENABLE_PREVIEWS = YES;
				GENERATE_INFOPLIST_FILE = YES;
				INFOPLIST_FILE = "thenow-Watch-App-Info.plist";
				INFOPLIST_KEY_CFBundleDisplayName = thenow;
				INFOPLIST_KEY_NSLocalNetworkUsageDescription = "thenow connects to the local broker. ";
				INFOPLIST_KEY_UISupportedInterfaceOrientations = "UIInterfaceOrientationPortrait UIInterfaceOrientationPortraitUpsideDown";
				INFOPLIST_KEY_WKCompanionAppBundleIdentifier = com.wangyang.thenow;
				LD_RUNPATH_SEARCH_PATHS = (
					"$(inherited)",
					"@executable_path/Frameworks",
				);
				MARKETING_VERSION = 1.0;
				PRODUCT_BUNDLE_IDENTIFIER = com.wangyang.thenow.watchkitapp;
				PRODUCT_NAME = "$(TARGET_NAME)";
				SDKROOT = watchos;
				SKIP_INSTALL = YES;
				STRING_CATALOG_GENERATE_SYMBOLS = YES;
				SWIFT_APPROACHABLE_CONCURRENCY = YES;
				SWIFT_DEFAULT_ACTOR_ISOLATION = MainActor;
				SWIFT_EMIT_LOC_STRINGS = YES;
				SWIFT_UPCOMING_FEATURE_MEMBER_IMPORT_VISIBILITY = YES;
				SWIFT_VERSION = 5.0;
				TARGETED_DEVICE_FAMILY = 4;
				VALIDATE_PRODUCT = YES;
				WATCHOS_DEPLOYMENT_TARGET = 26.5;
			};
			name = Release;
		};
		D3D392592FD5D3800057A5A4 /* Debug */ = {
			isa = XCBuildConfiguration;
			buildSettings = {
				ASSETCATALOG_COMPILER_APPICON_NAME = AppIcon;
				ASSETCATALOG_COMPILER_GLOBAL_ACCENT_COLOR_NAME = AccentColor;
				CODE_SIGN_ENTITLEMENTS = thenow/thenow.entitlements;
				CODE_SIGN_STYLE = Automatic;
				CURRENT_PROJECT_VERSION = 1;
				DEVELOPMENT_TEAM = F7PJZAN683;
				ENABLE_PREVIEWS = YES;
				GENERATE_INFOPLIST_FILE = YES;
				INFOPLIST_FILE = thenow/Info.plist;
				INFOPLIST_KEY_CFBundleDisplayName = thenow;
				INFOPLIST_KEY_NSCameraUsageDescription = "Used to scan the QR code on your Mac to pair with the approval broker.";
				INFOPLIST_KEY_NSLocalNetworkUsageDescription = "thenow connects to the local approval broker to send agent approval decisions.";
				INFOPLIST_KEY_UIApplicationSceneManifest_Generation = YES;
				INFOPLIST_KEY_UIApplicationSupportsIndirectInputEvents = YES;
				INFOPLIST_KEY_UILaunchScreen_Generation = YES;
				INFOPLIST_KEY_UISupportedInterfaceOrientations_iPad = "UIInterfaceOrientationPortrait UIInterfaceOrientationPortraitUpsideDown UIInterfaceOrientationLandscapeLeft UIInterfaceOrientationLandscapeRight";
				INFOPLIST_KEY_UISupportedInterfaceOrientations_iPhone = "UIInterfaceOrientationPortrait UIInterfaceOrientationLandscapeLeft UIInterfaceOrientationLandscapeRight";
				IPHONEOS_DEPLOYMENT_TARGET = 26.5;
				LD_RUNPATH_SEARCH_PATHS = (
					"$(inherited)",
					"@executable_path/Frameworks",
				);
				MARKETING_VERSION = 1.0;
				PRODUCT_BUNDLE_IDENTIFIER = com.wangyang.thenow;
				PRODUCT_NAME = "$(TARGET_NAME)";
				SDKROOT = iphoneos;
				STRING_CATALOG_GENERATE_SYMBOLS = YES;
				SWIFT_APPROACHABLE_CONCURRENCY = YES;
				SWIFT_DEFAULT_ACTOR_ISOLATION = MainActor;
				SWIFT_EMIT_LOC_STRINGS = YES;
				SWIFT_UPCOMING_FEATURE_MEMBER_IMPORT_VISIBILITY = YES;
				SWIFT_VERSION = 5.0;
				TARGETED_DEVICE_FAMILY = "1,2";
			};
			name = Debug;
		};
		D3D3925A2FD5D3800057A5A4 /* Release */ = {
			isa = XCBuildConfiguration;
			buildSettings = {
				ASSETCATALOG_COMPILER_APPICON_NAME = AppIcon;
				ASSETCATALOG_COMPILER_GLOBAL_ACCENT_COLOR_NAME = AccentColor;
				CODE_SIGN_ENTITLEMENTS = thenow/thenow.entitlements;
				CODE_SIGN_STYLE = Automatic;
				CURRENT_PROJECT_VERSION = 1;
				DEVELOPMENT_TEAM = F7PJZAN683;
				ENABLE_PREVIEWS = YES;
				GENERATE_INFOPLIST_FILE = YES;
				INFOPLIST_FILE = thenow/Info.plist;
				INFOPLIST_KEY_CFBundleDisplayName = thenow;
				INFOPLIST_KEY_NSCameraUsageDescription = "Used to scan the QR code on your Mac to pair with the approval broker.";
				INFOPLIST_KEY_NSLocalNetworkUsageDescription = "thenow connects to the local approval broker to send agent approval decisions.";
				INFOPLIST_KEY_UIApplicationSceneManifest_Generation = YES;
				INFOPLIST_KEY_UIApplicationSupportsIndirectInputEvents = YES;
				INFOPLIST_KEY_UILaunchScreen_Generation = YES;
				INFOPLIST_KEY_UISupportedInterfaceOrientations_iPad = "UIInterfaceOrientationPortrait UIInterfaceOrientationPortraitUpsideDown UIInterfaceOrientationLandscapeLeft UIInterfaceOrientationLandscapeRight";
				INFOPLIST_KEY_UISupportedInterfaceOrientations_iPhone = "UIInterfaceOrientationPortrait UIInterfaceOrientationLandscapeLeft UIInterfaceOrientationLandscapeRight";
				IPHONEOS_DEPLOYMENT_TARGET = 26.5;
				LD_RUNPATH_SEARCH_PATHS = (
					"$(inherited)",
					"@executable_path/Frameworks",
				);
				MARKETING_VERSION = 1.0;
				PRODUCT_BUNDLE_IDENTIFIER = com.wangyang.thenow;
				PRODUCT_NAME = "$(TARGET_NAME)";
				SDKROOT = iphoneos;
				STRING_CATALOG_GENERATE_SYMBOLS = YES;
				SWIFT_APPROACHABLE_CONCURRENCY = YES;
				SWIFT_DEFAULT_ACTOR_ISOLATION = MainActor;
				SWIFT_EMIT_LOC_STRINGS = YES;
				SWIFT_UPCOMING_FEATURE_MEMBER_IMPORT_VISIBILITY = YES;
				SWIFT_VERSION = 5.0;
				TARGETED_DEVICE_FAMILY = "1,2";
				VALIDATE_PRODUCT = YES;
			};
			name = Release;
		};
		D3E024352FD7BE7B002050FE /* Debug */ = {
			isa = XCBuildConfiguration;
			buildSettings = {
				ASSETCATALOG_COMPILER_GLOBAL_ACCENT_COLOR_NAME = AccentColor;
				ASSETCATALOG_COMPILER_WIDGET_BACKGROUND_COLOR_NAME = WidgetBackground;
				CLANG_ENABLE_MODULES = YES;
				CODE_SIGN_ENTITLEMENTS = "ChitNow Widget ChitNow Widget/ChitNow_Widget.entitlements";
				CODE_SIGN_STYLE = Automatic;
				CURRENT_PROJECT_VERSION = 1;
				DEVELOPMENT_TEAM = F7PJZAN683;
				GENERATE_INFOPLIST_FILE = YES;
				INFOPLIST_FILE = "ChitNow Widget ChitNow Widget/Info.plist";
				INFOPLIST_KEY_CFBundleDisplayName = "ChitNow Widget ChitNow Widget";
				INFOPLIST_KEY_NSHumanReadableCopyright = "";
				LD_RUNPATH_SEARCH_PATHS = (
					"$(inherited)",
					"@executable_path/Frameworks",
					"@executable_path/../../Frameworks",
					"@executable_path/../../../../Frameworks",
				);
				MARKETING_VERSION = 1.0;
				PRODUCT_BUNDLE_IDENTIFIER = "com.wangyang.thenow.watchkitapp.ChitNow-Widget-ChitNow-Widget";
				PRODUCT_NAME = "$(TARGET_NAME)";
				SDKROOT = watchos;
				SKIP_INSTALL = YES;
				STRING_CATALOG_GENERATE_SYMBOLS = YES;
				SWIFT_APPROACHABLE_CONCURRENCY = YES;
				SWIFT_EMIT_LOC_STRINGS = YES;
				SWIFT_OPTIMIZATION_LEVEL = "-Onone";
				SWIFT_UPCOMING_FEATURE_MEMBER_IMPORT_VISIBILITY = YES;
				SWIFT_VERSION = 5.0;
				TARGETED_DEVICE_FAMILY = 4;
				WATCHOS_DEPLOYMENT_TARGET = 26.5;
			};
			name = Debug;
		};
		D3E024362FD7BE7B002050FE /* Release */ = {
			isa = XCBuildConfiguration;
			buildSettings = {
				ASSETCATALOG_COMPILER_GLOBAL_ACCENT_COLOR_NAME = AccentColor;
				ASSETCATALOG_COMPILER_WIDGET_BACKGROUND_COLOR_NAME = WidgetBackground;
				CLANG_ENABLE_MODULES = YES;
				CODE_SIGN_ENTITLEMENTS = "ChitNow Widget ChitNow Widget/ChitNow_Widget.entitlements";
				CODE_SIGN_STYLE = Automatic;
				CURRENT_PROJECT_VERSION = 1;
				DEVELOPMENT_TEAM = F7PJZAN683;
				GENERATE_INFOPLIST_FILE = YES;
				INFOPLIST_FILE = "ChitNow Widget ChitNow Widget/Info.plist";
				INFOPLIST_KEY_CFBundleDisplayName = "ChitNow Widget ChitNow Widget";
				INFOPLIST_KEY_NSHumanReadableCopyright = "";
				LD_RUNPATH_SEARCH_PATHS = (
					"$(inherited)",
					"@executable_path/Frameworks",
					"@executable_path/../../Frameworks",
					"@executable_path/../../../../Frameworks",
				);
				MARKETING_VERSION = 1.0;
				PRODUCT_BUNDLE_IDENTIFIER = "com.wangyang.thenow.watchkitapp.ChitNow-Widget-ChitNow-Widget";
				PRODUCT_NAME = "$(TARGET_NAME)";
				SDKROOT = watchos;
				SKIP_INSTALL = YES;
				STRING_CATALOG_GENERATE_SYMBOLS = YES;
				SWIFT_APPROACHABLE_CONCURRENCY = YES;
				SWIFT_EMIT_LOC_STRINGS = YES;
				SWIFT_UPCOMING_FEATURE_MEMBER_IMPORT_VISIBILITY = YES;
				SWIFT_VERSION = 5.0;
				TARGETED_DEVICE_FAMILY = 4;
				VALIDATE_PRODUCT = YES;
				WATCHOS_DEPLOYMENT_TARGET = 26.5;
			};
			name = Release;
		};
/* End XCBuildConfiguration section */

/* Begin XCConfigurationList section */
		D3D392352FD5D37E0057A5A4 /* Build configuration list for PBXProject "thenow" */ = {
			isa = XCConfigurationList;
			buildConfigurations = (
				D3D392522FD5D3800057A5A4 /* Debug */,
				D3D392532FD5D3800057A5A4 /* Release */,
			);
			defaultConfigurationIsVisible = 0;
			defaultConfigurationName = Release;
		};
		D3D392542FD5D3800057A5A4 /* Build configuration list for PBXNativeTarget "thenow Watch App" */ = {
			isa = XCConfigurationList;
			buildConfigurations = (
				D3D392552FD5D3800057A5A4 /* Debug */,
				D3D392562FD5D3800057A5A4 /* Release */,
			);
			defaultConfigurationIsVisible = 0;
			defaultConfigurationName = Release;
		};
		D3D392582FD5D3800057A5A4 /* Build configuration list for PBXNativeTarget "thenow" */ = {
			isa = XCConfigurationList;
			buildConfigurations = (
				D3D392592FD5D3800057A5A4 /* Debug */,
				D3D3925A2FD5D3800057A5A4 /* Release */,
			);
			defaultConfigurationIsVisible = 0;
			defaultConfigurationName = Release;
		};
		D3E024342FD7BE7B002050FE /* Build configuration list for PBXNativeTarget "ChitNow Widget ChitNow WidgetExtension" */ = {
			isa = XCConfigurationList;
			buildConfigurations = (
				D3E024352FD7BE7B002050FE /* Debug */,
				D3E024362FD7BE7B002050FE /* Release */,
			);
			defaultConfigurationIsVisible = 0;
			defaultConfigurationName = Release;
		};
/* End XCConfigurationList section */
	};
	rootObject = D3D392322FD5D37E0057A5A4 /* Project object */;
}
